
Microsoft Visual Studio Solution File, Format Version 12.00
# Visual Studio 14
VisualStudioVersion = 14.0.25420.1
MinimumVisualStudioVersion = 10.0.40219.1
Project("{FAE04EC0-301F-11D3-BF4B-00C04F79EFBC}") = "ScanningAfter", "ScanningAfter\ScanningAfter.csproj", "{604F64FC-2193-461D-9FB4-DD2303327283}"
EndProject
Global
	GlobalSection(SolutionConfigurationPlatforms) = preSolution
		Debug|Any CPU = Debug|Any CPU
		Release|Any CPU = Release|Any CPU
	EndGlobalSection
	GlobalSection(ProjectConfigurationPlatforms) = postSolution
		{604F64FC-2193-461D-9FB4-DD2303327283}.Debug|Any CPU.ActiveCfg = Debug|Any CPU
		{604F64FC-2193-461D-9FB4-DD2303327283}.Debug|Any CPU.Build.0 = Debug|Any CPU
		{604F64FC-2193-461D-9FB4-DD2303327283}.Release|Any CPU.ActiveCfg = Release|Any CPU
		{604F64FC-2193-461D-9FB4-DD2303327283}.Release|Any CPU.Build.0 = Release|Any CPU
	EndGlobalSection
	GlobalSection(SolutionProperties) = preSolution
		HideSolutionNode = FALSE
	EndGlobalSection
	GlobalSection(ExtensibilityGlobals) = postSolution
		VisualSVNWorkingCopyRoot = .
	EndGlobalSection
EndGlobal
